# This file is automatically @generated by Poetry 2.1.1 and should not be changed by hand.

[[package]]
name = "asgiref"
version = "3.10.0"
description = "ASGI specs, helper code, and adapters"
optional = false
python-versions = ">=3.9"
groups = ["main"]
files = [
    {file = "asgiref-3.10.0-py3-none-any.whl", hash = "sha256:aef8a81283a34d0ab31630c9b7dfe70c812c95eba78171367ca8745e88124734"},
    {file = "asgiref-3.10.0.tar.gz", hash = "sha256:d89f2d8cd8b56dada7d52fa7dc8075baa08fb836560710d38c292a7a3f78c04e"},
]

[package.extras]
tests = ["mypy (>=1.14.0)", "pytest", "pytest-asyncio"]

[[package]]
name = "attrs"
version = "25.4.0"
description = "Classes Without Boilerplate"
optional = false
python-versions = ">=3.9"
groups = ["dev"]
files = [
    {file = "attrs-25.4.0-py3-none-any.whl", hash = "sha256:adcf7e2a1fb3b36ac48d97835bb6d8ade15b8dcce26aba8bf1d14847b57a3373"},
    {file = "attrs-25.4.0.tar.gz", hash = "sha256:16d5969b87f0859ef33a48b35d55ac1be6e42ae49d5e853b597db70c35c57e11"},
]

[[package]]
name = "click"
version = "8.3.0"
description = "Composable command line interface toolkit"
optional = false
python-versions = ">=3.10"
groups = ["main"]
files = [
    {file = "click-8.3.0-py3-none-any.whl", hash = "sha256:9b9f285302c6e3064f4330c05f05b81945b2a39544279343e6e7c5f27a9baddc"},
    {file = "click-8.3.0.tar.gz", hash = "sha256:e7b8232224eba16f4ebe410c25ced9f7875cb5f3263ffc93cc3e8da705e229c4"},
]

[package.dependencies]
colorama = {version = "*", markers = "platform_system == \"Windows\""}

[[package]]
name = "colorama"
version = "0.4.6"
description = "Cross-platform colored terminal text."
optional = false
python-versions = "!=3.0.*,!=3.1.*,!=3.2.*,!=3.3.*,!=3.4.*,!=3.5.*,!=3.6.*,>=2.7"
groups = ["main"]
markers = "platform_system == \"Windows\""
files = [
    {file = "colorama-0.4.6-py2.py3-none-any.whl", hash = "sha256:4f1d9991f5acc0ca119f9d443620b77f9d6b33703e51011c16baf57afb285fc6"},
    {file = "colorama-0.4.6.tar.gz", hash = "sha256:08695f5cb7ed6e0531a20572697297273c47b8cae5a63ffc6d6ed5c201be6e44"},
]

[[package]]
name = "django"
version = "5.2.3"
description = "A high-level Python web framework that encourages rapid development and clean, pragmatic design."
optional = false
python-versions = ">=3.10"
groups = ["main"]
files = [
    {file = "django-5.2.3-py3-none-any.whl", hash = "sha256:c517a6334e0fd940066aa9467b29401b93c37cec2e61365d663b80922542069d"},
    {file = "django-5.2.3.tar.gz", hash = "sha256:335213277666ab2c5cac44a792a6d2f3d58eb79a80c14b6b160cd4afc3b75684"},
]

[package.dependencies]
asgiref = ">=3.8.1"
sqlparse = ">=0.3.1"
tzdata = {version = "*", markers = "sys_platform == \"win32\""}

[package.extras]
argon2 = ["argon2-cffi (>=19.1.0)"]
bcrypt = ["bcrypt"]

[[package]]
name = "django-redis"
version = "6.0.0"
description = "Full featured redis cache backend for Django."
optional = false
python-versions = ">=3.9"
groups = ["main"]
files = [
    {file = "django_redis-6.0.0-py3-none-any.whl", hash = "sha256:20bf0063a8abee567eb5f77f375143c32810c8700c0674ced34737f8de4e36c0"},
    {file = "django_redis-6.0.0.tar.gz", hash = "sha256:2d9cb12a20424a4c4dde082c6122f486628bae2d9c2bee4c0126a4de7fda00dd"},
]

[package.dependencies]
Django = ">=4.2"
redis = ">=4.0.2"

[package.extras]
hiredis = ["redis[hiredis] (>=4.0.2)"]

[[package]]
name = "flake8"
version = "7.3.0"
description = "the modular source code checker: pep8 pyflakes and co"
optional = false
python-versions = ">=3.9"
groups = ["dev"]
files = [
    {file = "flake8-7.3.0-py2.py3-none-any.whl", hash = "sha256:b9696257b9ce8beb888cdbe31cf885c90d31928fe202be0889a7cdafad32f01e"},
    {file = "flake8-7.3.0.tar.gz", hash = "sha256:fe044858146b9fc69b551a4b490d69cf960fcb78ad1edcb84e7fbb1b4a8e3872"},
]

[package.dependencies]
mccabe = ">=0.7.0,<0.8.0"
pycodestyle = ">=2.14.0,<2.15.0"
pyflakes = ">=3.4.0,<3.5.0"

[[package]]
name = "gunicorn"
version = "23.0.0"
description = "WSGI HTTP Server for UNIX"
optional = false
python-versions = ">=3.7"
groups = ["main"]
files = [
    {file = "gunicorn-23.0.0-py3-none-any.whl", hash = "sha256:ec400d38950de4dfd418cff8328b2c8faed0edb0d517d3394e457c317908ca4d"},
    {file = "gunicorn-23.0.0.tar.gz", hash = "sha256:f014447a0101dc57e294f6c18ca6b40227a4c90e9bdb586042628030cba004ec"},
]

[package.dependencies]
packaging = "*"

[package.extras]
eventlet = ["eventlet (>=0.24.1,!=0.36.0)"]
gevent = ["gevent (>=1.4.0)"]
setproctitle = ["setproctitle"]
testing = ["coverage", "eventlet", "gevent", "pytest", "pytest-cov"]
tornado = ["tornado (>=0.2)"]

[[package]]
name = "h11"
version = "0.16.0"
description = "A pure-Python, bring-your-own-I/O implementation of HTTP/1.1"
optional = false
python-versions = ">=3.8"
groups = ["main"]
files = [
    {file = "h11-0.16.0-py3-none-any.whl", hash = "sha256:63cf8bbe7522de3bf65932fda1d9c2772064ffb3dae62d55932da54b31cb6c86"},
    {file = "h11-0.16.0.tar.gz", hash = "sha256:4e35b956cf45792e4caa5885e69fba00bdbc6ffafbfa020300e549b208ee5ff1"},
]

[[package]]
name = "mccabe"
version = "0.7.0"
description = "McCabe checker, plugin for flake8"
optional = false
python-versions = ">=3.6"
groups = ["dev"]
files = [
    {file = "mccabe-0.7.0-py2.py3-none-any.whl", hash = "sha256:6c2d30ab6be0e4a46919781807b4f0d834ebdd6c6e3dca0bda5a15f863427b6e"},
    {file = "mccabe-0.7.0.tar.gz", hash = "sha256:348e0240c33b60bbdf4e523192ef919f28cb2c3d7d5c7794f74009290f236325"},
]

[[package]]
name = "nats-py"
version = "2.12.0"
description = "NATS client for Python"
optional = false
python-versions = ">=3.7"
groups = ["main"]
files = [
    {file = "nats_py-2.12.0.tar.gz", hash = "sha256:2981ca4b63b8266c855573fa7871b1be741f1889fd429ee657e5ffc0971a38a1"},
]

[package.extras]
aiohttp = ["aiohttp"]
fast-parse = ["fast-mail-parser"]
nkeys = ["nkeys"]

[[package]]
name = "packaging"
version = "25.0"
description = "Core utilities for Python packages"
optional = false
python-versions = ">=3.8"
groups = ["main"]
files = [
    {file = "packaging-25.0-py3-none-any.whl", hash = "sha256:29572ef2b1f17581046b3a2227d5c611fb25ec70ca1ba8554b24b0e69331a484"},
    {file = "packaging-25.0.tar.gz", hash = "sha256:d443872c98d677bf60f6a1f2f8c1cb748e8fe762d2bf9d3148b5599295b0fc4f"},
]

[[package]]
name = "pycodestyle"
version = "2.14.0"
description = "Python style guide checker"
optional = false
python-versions = ">=3.9"
groups = ["dev"]
files = [
    {file = "pycodestyle-2.14.0-py2.py3-none-any.whl", hash = "sha256:dd6bf7cb4ee77f8e016f9c8e74a35ddd9f67e1d5fd4184d86c3b98e07099f42d"},
    {file = "pycodestyle-2.14.0.tar.gz", hash = "sha256:c4b5b517d278089ff9d0abdec919cd97262a3367449ea1c8b49b91529167b783"},
]

[[package]]
name = "pyflakes"
version = "3.4.0"
description = "passive checker of Python programs"
optional = false
python-versions = ">=3.9"
groups = ["dev"]
files = [
    {file = "pyflakes-3.4.0-py2.py3-none-any.whl", hash = "sha256:f742a7dbd0d9cb9ea41e9a24a918996e8170c799fa528688d40dd582c8265f4f"},
    {file = "pyflakes-3.4.0.tar.gz", hash = "sha256:b24f96fafb7d2ab0ec5075b7350b3d2d2218eab42003821c06344973d3ea2f58"},
]

[[package]]
name = "pygments"
version = "2.19.2"
description = "Pygments is a syntax highlighting package written in Python."
optional = false
python-versions = ">=3.8"
groups = ["dev"]
files = [
    {file = "pygments-2.19.2-py3-none-any.whl", hash = "sha256:86540386c03d588bb81d44bc3928634ff26449851e99741617ecb9037ee5ec0b"},
    {file = "pygments-2.19.2.tar.gz", hash = "sha256:636cb2477cec7f8952536970bc533bc43743542f70392ae026374600add5b887"},
]

[package.extras]
windows-terminal = ["colorama (>=0.4.6)"]

[[package]]
name = "redis"
version = "7.0.1"
description = "Python client for Redis database and key-value store"
optional = false
python-versions = ">=3.9"
groups = ["main"]
files = [
    {file = "redis-7.0.1-py3-none-any.whl", hash = "sha256:4977af3c7d67f8f0eb8b6fec0dafc9605db9343142f634041fb0235f67c0588a"},
    {file = "redis-7.0.1.tar.gz", hash = "sha256:c949df947dca995dc68fdf5a7863950bf6df24f8d6022394585acc98e81624f1"},
]

[package.extras]
circuit-breaker = ["pybreaker (>=1.4.0)"]
hiredis = ["hiredis (>=3.2.0)"]
jwt = ["pyjwt (>=2.9.0)"]
ocsp = ["cryptography (>=36.0.1)", "pyopenssl (>=20.0.1)", "requests (>=2.31.0)"]

[[package]]
name = "ruff"
version = "0.12.12"
description = "An extremely fast Python linter and code formatter, written in Rust."
optional = false
python-versions = ">=3.7"
groups = ["dev"]
files = [
    {file = "ruff-0.12.12-py3-none-linux_armv6l.whl", hash = "sha256:de1c4b916d98ab289818e55ce481e2cacfaad7710b01d1f990c497edf217dafc"},
    {file = "ruff-0.12.12-py3-none-macosx_10_12_x86_64.whl", hash = "sha256:7acd6045e87fac75a0b0cdedacf9ab3e1ad9d929d149785903cff9bb69ad9727"},
    {file = "ruff-0.12.12-py3-none-macosx_11_0_arm64.whl", hash = "sha256:abf4073688d7d6da16611f2f126be86523a8ec4343d15d276c614bda8ec44edb"},
    {file = "ruff-0.12.12-py3-none-manylinux_2_17_aarch64.manylinux2014_aarch64.whl", hash = "sha256:968e77094b1d7a576992ac078557d1439df678a34c6fe02fd979f973af167577"},
    {file = "ruff-0.12.12-py3-none-manylinux_2_17_armv7l.manylinux2014_armv7l.whl", hash = "sha256:42a67d16e5b1ffc6d21c5f67851e0e769517fb57a8ebad1d0781b30888aa704e"},
    {file = "ruff-0.12.12-py3-none-manylinux_2_17_i686.manylinux2014_i686.whl", hash = "sha256:b216ec0a0674e4b1214dcc998a5088e54eaf39417327b19ffefba1c4a1e4971e"},
    {file = "ruff-0.12.12-py3-none-manylinux_2_17_ppc64.manylinux2014_ppc64.whl", hash = "sha256:59f909c0fdd8f1dcdbfed0b9569b8bf428cf144bec87d9de298dcd4723f5bee8"},
    {file = "ruff-0.12.12-py3-none-manylinux_2_17_ppc64le.manylinux2014_ppc64le.whl", hash = "sha256:9ac93d87047e765336f0c18eacad51dad0c1c33c9df7484c40f98e1d773876f5"},
    {file = "ruff-0.12.12-py3-none-manylinux_2_17_s390x.manylinux2014_s390x.whl", hash = "sha256:01543c137fd3650d322922e8b14cc133b8ea734617c4891c5a9fccf4bfc9aa92"},
    {file = "ruff-0.12.12-py3-none-manylinux_2_17_x86_64.manylinux2014_x86_64.whl", hash = "sha256:2afc2fa864197634e549d87fb1e7b6feb01df0a80fd510d6489e1ce8c0b1cc45"},
    {file = "ruff-0.12.12-py3-none-manylinux_2_31_riscv64.whl", hash = "sha256:0c0945246f5ad776cb8925e36af2438e66188d2b57d9cf2eed2c382c58b371e5"},
    {file = "ruff-0.12.12-py3-none-musllinux_1_2_aarch64.whl", hash = "sha256:a0fbafe8c58e37aae28b84a80ba1817f2ea552e9450156018a478bf1fa80f4e4"},
    {file = "ruff-0.12.12-py3-none-musllinux_1_2_armv7l.whl", hash = "sha256:b9c456fb2fc8e1282affa932c9e40f5ec31ec9cbb66751a316bd131273b57c23"},
    {file = "ruff-0.12.12-py3-none-musllinux_1_2_i686.whl", hash = "sha256:5f12856123b0ad0147d90b3961f5c90e7427f9acd4b40050705499c98983f489"},
    {file = "ruff-0.12.12-py3-none-musllinux_1_2_x86_64.whl", hash = "sha256:26a1b5a2bf7dd2c47e3b46d077cd9c0fc3b93e6c6cc9ed750bd312ae9dc302ee"},
    {file = "ruff-0.12.12-py3-none-win32.whl", hash = "sha256:173be2bfc142af07a01e3a759aba6f7791aa47acf3604f610b1c36db888df7b1"},
    {file = "ruff-0.12.12-py3-none-win_amd64.whl", hash = "sha256:e99620bf01884e5f38611934c09dd194eb665b0109104acae3ba6102b600fd0d"},
    {file = "ruff-0.12.12-py3-none-win_arm64.whl", hash = "sha256:2a8199cab4ce4d72d158319b63370abf60991495fb733db96cd923a34c52d093"},
    {file = "ruff-0.12.12.tar.gz", hash = "sha256:b86cd3415dbe31b3b46a71c598f4c4b2f550346d1ccf6326b347cc0c8fd063d6"},
]

[[package]]
name = "sqlparse"
version = "0.5.3"
description = "A non-validating SQL parser."
optional = false
python-versions = ">=3.8"
groups = ["main"]
files = [
    {file = "sqlparse-0.5.3-py3-none-any.whl", hash = "sha256:cf2196ed3418f3ba5de6af7e82c694a9fbdbfecccdfc72e281548517081f16ca"},
    {file = "sqlparse-0.5.3.tar.gz", hash = "sha256:09f67787f56a0b16ecdbde1bfc7f5d9c3371ca683cfeaa8e6ff60b4807ec9272"},
]

[package.extras]
dev = ["build", "hatch"]
doc = ["sphinx"]

[[package]]
name = "tzdata"
version = "2025.2"
description = "Provider of IANA time zone data"
optional = false
python-versions = ">=2"
groups = ["main"]
markers = "sys_platform == \"win32\""
files = [
    {file = "tzdata-2025.2-py2.py3-none-any.whl", hash = "sha256:1a403fada01ff9221ca8044d701868fa132215d84beb92242d9acd2147f667a8"},
    {file = "tzdata-2025.2.tar.gz", hash = "sha256:b60a638fcc0daffadf82fe0f57e53d06bdec2f36c4df66280ae79bce6bd6f2b9"},
]

[[package]]
name = "uvicorn"
version = "0.38.0"
description = "The lightning-fast ASGI server."
optional = false
python-versions = ">=3.9"
groups = ["main"]
files = [
    {file = "uvicorn-0.38.0-py3-none-any.whl", hash = "sha256:48c0afd214ceb59340075b4a052ea1ee91c16fbc2a9b1469cca0e54566977b02"},
    {file = "uvicorn-0.38.0.tar.gz", hash = "sha256:fd97093bdd120a2609fc0d3afe931d4d4ad688b6e75f0f929fde1bc36fe0e91d"},
]

[package.dependencies]
click = ">=7.0"
h11 = ">=0.8"

[package.extras]
standard = ["colorama (>=0.4) ; sys_platform == \"win32\"", "httptools (>=0.6.3)", "python-dotenv (>=0.13)", "pyyaml (>=5.1)", "uvloop (>=0.15.1) ; sys_platform != \"win32\" and sys_platform != \"cygwin\" and platform_python_implementation != \"PyPy\"", "watchfiles (>=0.13)", "websockets (>=10.4)"]

[[package]]
name = "uvicorn-worker"
version = "0.4.0"
description = "Uvicorn worker for Gunicorn! ✨"
optional = false
python-versions = ">=3.9"
groups = ["main"]
files = [
    {file = "uvicorn_worker-0.4.0-py3-none-any.whl", hash = "sha256:e2ed952cef976f5e9e429d7269640bbcafbd36c80aa80f1003c8c77a6797abde"},
    {file = "uvicorn_worker-0.4.0.tar.gz", hash = "sha256:8ee5306070d8f38dce124adce488c3c0b50f20cf0c0222b12c66188da7214493"},
]

[package.dependencies]
gunicorn = ">=21.0.0"
uvicorn = ">=0.36.0"

[[package]]
name = "wemake-python-styleguide"
version = "1.4.0"
description = "The strictest and most opinionated python linter ever"
optional = false
python-versions = "<4.0,>=3.10"
groups = ["dev"]
files = [
    {file = "wemake_python_styleguide-1.4.0-py3-none-any.whl", hash = "sha256:c0727475a20a1b7d59f1d806040e84768bdb0935d1147023453aa44c14b65c95"},
    {file = "wemake_python_styleguide-1.4.0.tar.gz", hash = "sha256:0964cf40ac4d3f1c89dd79aee4b6edba9a1806fb395836c73e746fe287dbae3e"},
]

[package.dependencies]
attrs = "*"
flake8 = ">=7.3,<8.0"
pygments = ">=2.19,<3.0"

[metadata]
lock-version = "2.1"
python-versions = "~=3.12"
content-hash = "5092cea0f028043b22b7948462c61f5f1e83be1bc2102d6d793e0bbc88a6e51f"
